
Microsoft Visual Studio Solution File, Format Version 12.00
# Visual Studio 15
VisualStudioVersion = 15.0.28307.1062
MinimumVisualStudioVersion = 10.0.40219.1
Project("{FAE04EC0-301F-11D3-BF4B-00C04F79EFBC}") = "PediGen", "PediGen\PediGen.csproj", "{C868CC59-47C2-4A1E-B2C2-7EDD343024AA}"
EndProject
Global
	GlobalSection(SolutionConfigurationPlatforms) = preSolution
		Debug|Any CPU = Debug|Any CPU
		Release|Any CPU = Release|Any CPU
	EndGlobalSection
	GlobalSection(ProjectConfigurationPlatforms) = postSolution
		{C868CC59-47C2-4A1E-B2C2-7EDD343024AA}.Debug|Any CPU.ActiveCfg = Debug|Any CPU
		{C868CC59-47C2-4A1E-B2C2-7EDD343024AA}.Debug|Any CPU.Build.0 = Debug|Any CPU
		{C868CC59-47C2-4A1E-B2C2-7EDD343024AA}.Release|Any CPU.ActiveCfg = Release|Any CPU
		{C868CC59-47C2-4A1E-B2C2-7EDD343024AA}.Release|Any CPU.Build.0 = Release|Any CPU
	EndGlobalSection
	GlobalSection(SolutionProperties) = preSolution
		HideSolutionNode = FALSE
	EndGlobalSection
	GlobalSection(ExtensibilityGlobals) = postSolution
		SolutionGuid = {7163B1B7-644E-4939-BB88-F7DD8688B7C9}
	EndGlobalSection
EndGlobal
